{
  "version": 4,
  "terraform_version": "1.10.0",
  "serial": 8,
  "lineage": "1dcb233d-c220-2195-c5b4-1906e016475e",
  "outputs": {},
  "resources": [
    {
      "mode": "managed",
      "type": "google_iam_workload_identity_pool",
      "name": "tfc",
      "provider": "provider[\"registry.terraform.io/hashicorp/google\"]",
      "instances": [
        {
          "schema_version": 0,
          "attributes": {
            "description": "",
            "disabled": false,
            "display_name": "",
            "id": "projects/hc-795dc63e1b494248b4ac514f7e9/locations/global/workloadIdentityPools/terraform-cloud",
            "name": "projects/966135268298/locations/global/workloadIdentityPools/terraform-cloud",
            "project": "hc-795dc63e1b494248b4ac514f7e9",
            "state": "ACTIVE",
            "timeouts": null,
            "workload_identity_pool_id": "terraform-cloud"
          },
          "sensitive_attributes": [],
          "private": "eyJlMmJmYjczMC1lY2FhLTExZTYtOGY4OC0zNDM2M2JjN2M0YzAiOnsiY3JlYXRlIjoxMjAwMDAwMDAwMDAwLCJkZWxldGUiOjEyMDAwMDAwMDAwMDAsInVwZGF0ZSI6MTIwMDAwMDAwMDAwMH19"
        }
      ]
    },
    {
      "mode": "managed",
      "type": "google_iam_workload_identity_pool_provider",
      "name": "tfc",
      "provider": "provider[\"registry.terraform.io/hashicorp/google\"]",
      "instances": [
        {
          "schema_version": 0,
          "attributes": {
            "attribute_condition": "assertion.sub.startsWith(\"organization:liamcervante:project:stacks\")",
            "attribute_mapping": {
              "attribute.aud": "type(assertion.aud) == list ? assertion.aud[0] : assertion.aud",
              "attribute.terraform_operation": "assertion.terraform_operation",
              "attribute.terraform_organization_id": "assertion.terraform_organization_id",
              "attribute.terraform_organization_name": "assertion.terraform_organization_name",
              "attribute.terraform_plan_id": "assertion.terraform_plan_id",
              "attribute.terraform_project_id": "assertion.terraform_project_id",
              "attribute.terraform_project_name": "assertion.terraform_project_name",
              "attribute.terraform_stack_deployment_name": "assertion.terraform_stack_deployment_name",
              "attribute.terraform_stack_id": "assertion.terraform_stack_id",
              "attribute.terraform_stack_name": "assertion.terraform_stack_name",
              "google.subject": "assertion.sub"
            },
            "aws": [],
            "description": "",
            "disabled": false,
            "display_name": "",
            "id": "projects/hc-795dc63e1b494248b4ac514f7e9/locations/global/workloadIdentityPools/terraform-cloud/providers/terraform-cloud-id",
            "name": "projects/966135268298/locations/global/workloadIdentityPools/terraform-cloud/providers/terraform-cloud-id",
            "oidc": [
              {
                "allowed_audiences": [],
                "issuer_uri": "https://app.terraform.io",
                "jwks_json": ""
              }
            ],
            "project": "hc-795dc63e1b494248b4ac514f7e9",
            "saml": [],
            "state": "ACTIVE",
            "timeouts": null,
            "workload_identity_pool_id": "terraform-cloud",
            "workload_identity_pool_provider_id": "terraform-cloud-id"
          },
          "sensitive_attributes": [],
          "private": "eyJlMmJmYjczMC1lY2FhLTExZTYtOGY4OC0zNDM2M2JjN2M0YzAiOnsiY3JlYXRlIjoxMjAwMDAwMDAwMDAwLCJkZWxldGUiOjEyMDAwMDAwMDAwMDAsInVwZGF0ZSI6MTIwMDAwMDAwMDAwMH19",
          "dependencies": [
            "google_iam_workload_identity_pool.tfc"
          ]
        }
      ]
    },
    {
      "mode": "managed",
      "type": "google_project_iam_member",
      "name": "tfc_project_member",
      "provider": "provider[\"registry.terraform.io/hashicorp/google\"]",
      "instances": [
        {
          "schema_version": 0,
          "attributes": {
            "condition": [],
            "etag": "BwYdlsQWE2k=",
            "id": "hc-795dc63e1b494248b4ac514f7e9/roles/editor/serviceAccount:tfc-service-account@hc-795dc63e1b494248b4ac514f7e9.iam.gserviceaccount.com",
            "member": "serviceAccount:tfc-service-account@hc-795dc63e1b494248b4ac514f7e9.iam.gserviceaccount.com",
            "project": "hc-795dc63e1b494248b4ac514f7e9",
            "role": "roles/editor"
          },
          "sensitive_attributes": [],
          "private": "bnVsbA==",
          "dependencies": [
            "google_service_account.tfc"
          ]
        }
      ]
    },
    {
      "mode": "managed",
      "type": "google_service_account",
      "name": "tfc",
      "provider": "provider[\"registry.terraform.io/hashicorp/google\"]",
      "instances": [
        {
          "schema_version": 0,
          "attributes": {
            "account_id": "tfc-service-account",
            "create_ignore_already_exists": null,
            "description": "",
            "disabled": false,
            "display_name": "Terraform Cloud Service Account",
            "email": "tfc-service-account@hc-795dc63e1b494248b4ac514f7e9.iam.gserviceaccount.com",
            "id": "projects/hc-795dc63e1b494248b4ac514f7e9/serviceAccounts/tfc-service-account@hc-795dc63e1b494248b4ac514f7e9.iam.gserviceaccount.com",
            "member": "serviceAccount:tfc-service-account@hc-795dc63e1b494248b4ac514f7e9.iam.gserviceaccount.com",
            "name": "projects/hc-795dc63e1b494248b4ac514f7e9/serviceAccounts/tfc-service-account@hc-795dc63e1b494248b4ac514f7e9.iam.gserviceaccount.com",
            "project": "hc-795dc63e1b494248b4ac514f7e9",
            "timeouts": null,
            "unique_id": "117567593383845324106"
          },
          "sensitive_attributes": [],
          "private": "eyJlMmJmYjczMC1lY2FhLTExZTYtOGY4OC0zNDM2M2JjN2M0YzAiOnsiY3JlYXRlIjozMDAwMDAwMDAwMDB9fQ=="
        }
      ]
    },
    {
      "mode": "managed",
      "type": "google_service_account_iam_member",
      "name": "tfc",
      "provider": "provider[\"registry.terraform.io/hashicorp/google\"]",
      "instances": [
        {
          "schema_version": 0,
          "attributes": {
            "condition": [],
            "etag": "BwYdlsvGhVU=",
            "id": "projects/hc-795dc63e1b494248b4ac514f7e9/serviceAccounts/tfc-service-account@hc-795dc63e1b494248b4ac514f7e9.iam.gserviceaccount.com/roles/iam.workloadIdentityUser/principalSet://iam.googleapis.com/projects/966135268298/locations/global/workloadIdentityPools/terraform-cloud/*",
            "member": "principalSet://iam.googleapis.com/projects/966135268298/locations/global/workloadIdentityPools/terraform-cloud/*",
            "role": "roles/iam.workloadIdentityUser",
            "service_account_id": "projects/hc-795dc63e1b494248b4ac514f7e9/serviceAccounts/tfc-service-account@hc-795dc63e1b494248b4ac514f7e9.iam.gserviceaccount.com"
          },
          "sensitive_attributes": [],
          "private": "bnVsbA==",
          "dependencies": [
            "google_iam_workload_identity_pool.tfc",
            "google_service_account.tfc"
          ]
        }
      ]
    }
  ],
  "check_results": null
}
